
Microsoft Visual Studio Solution File, Format Version 12.00
# Visual Studio Version 16
VisualStudioVersion = 16.0.31025.194
MinimumVisualStudioVersion = 10.0.40219.1
Project("{9A19103F-16F7-4668-BE54-9A1E7A4F7556}") = "LibraryTask1", "LibraryTask1\LibraryTask1.csproj", "{5296E3B7-7809-4816-ACE2-D826415B382D}"
EndProject
Global
	GlobalSection(SolutionConfigurationPlatforms) = preSolution
		Debug|Any CPU = Debug|Any CPU
		Release|Any CPU = Release|Any CPU
	EndGlobalSection
	GlobalSection(ProjectConfigurationPlatforms) = postSolution
		{5296E3B7-7809-4816-ACE2-D826415B382D}.Debug|Any CPU.ActiveCfg = Debug|Any CPU
		{5296E3B7-7809-4816-ACE2-D826415B382D}.Debug|Any CPU.Build.0 = Debug|Any CPU
		{5296E3B7-7809-4816-ACE2-D826415B382D}.Release|Any CPU.ActiveCfg = Release|Any CPU
		{5296E3B7-7809-4816-ACE2-D826415B382D}.Release|Any CPU.Build.0 = Release|Any CPU
	EndGlobalSection
	GlobalSection(SolutionProperties) = preSolution
		HideSolutionNode = FALSE
	EndGlobalSection
	GlobalSection(ExtensibilityGlobals) = postSolution
		SolutionGuid = {AC8A7BDB-1E84-4627-9619-7FE149B5A7F3}
	EndGlobalSection
EndGlobal
